# This file is automatically @generated by Poetry 1.6.1 and should not be changed by hand.

[[package]]
name = "alive-progress"
version = "1.6.2"
description = "A new kind of Progress Bar, with real-time throughput, eta and very cool animations!"
optional = false
python-versions = ">=2.7, <4"
files = [
    {file = "alive-progress-1.6.2.tar.gz", hash = "sha256:642e1ce98becf226c8c36bf24e10221085998c5465a357a66fb83b7dc618b43e"},
    {file = "alive_progress-1.6.2-py3-none-any.whl", hash = "sha256:0f1111f56b1b870f5e5edd57e89fc97dc1ca0a73eb5c5a09533494c7e850a818"},
]

[[package]]
name = "colorama"
version = "0.4.4"
description = "Cross-platform colored terminal text."
optional = false
python-versions = ">=2.7, !=3.0.*, !=3.1.*, !=3.2.*, !=3.3.*, !=3.4.*"
files = [
    {file = "colorama-0.4.4-py2.py3-none-any.whl", hash = "sha256:9f47eda37229f68eee03b24b9748937c7dc3868f906e8ba69fbcbdd3bc5dc3e2"},
    {file = "colorama-0.4.4.tar.gz", hash = "sha256:5941b2b48a20143d2267e95b1c2a7603ce057ee39fd88e7329b0c292aa16869b"},
]

[[package]]
name = "coloredlogs"
version = "10.0"
description = "Colored terminal output for Python's logging module"
optional = false
python-versions = "*"
files = [
    {file = "coloredlogs-10.0-py2.py3-none-any.whl", hash = "sha256:34fad2e342d5a559c31b6c889e8d14f97cb62c47d9a2ae7b5ed14ea10a79eff8"},
    {file = "coloredlogs-10.0.tar.gz", hash = "sha256:b869a2dda3fa88154b9dd850e27828d8755bfab5a838a1c97fbc850c6e377c36"},
]

[package.dependencies]
colorama = {version = "*", markers = "sys_platform == \"win32\""}
humanfriendly = ">=4.7"

[package.extras]
cron = ["capturer (>=2.4)"]

[[package]]
name = "flake8"
version = "3.9.0"
description = "the modular source code checker: pep8 pyflakes and co"
optional = false
python-versions = "!=3.0.*,!=3.1.*,!=3.2.*,!=3.3.*,!=3.4.*,>=2.7"
files = [
    {file = "flake8-3.9.0-py2.py3-none-any.whl", hash = "sha256:12d05ab02614b6aee8df7c36b97d1a3b2372761222b19b58621355e82acddcff"},
    {file = "flake8-3.9.0.tar.gz", hash = "sha256:78873e372b12b093da7b5e5ed302e8ad9e988b38b063b61ad937f26ca58fc5f0"},
]

[package.dependencies]
importlib-metadata = {version = "*", markers = "python_version < \"3.8\""}
mccabe = ">=0.6.0,<0.7.0"
pycodestyle = ">=2.7.0,<2.8.0"
pyflakes = ">=2.3.0,<2.4.0"

[[package]]
name = "humanfriendly"
version = "9.1"
description = "Human friendly output for text interfaces using Python"
optional = false
python-versions = ">=2.7, !=3.0.*, !=3.1.*, !=3.2.*, !=3.3.*, !=3.4.*"
files = [
    {file = "humanfriendly-9.1-py2.py3-none-any.whl", hash = "sha256:d5c731705114b9ad673754f3317d9fa4c23212f36b29bdc4272a892eafc9bc72"},
    {file = "humanfriendly-9.1.tar.gz", hash = "sha256:066562956639ab21ff2676d1fda0b5987e985c534fc76700a19bd54bcb81121d"},
]

[package.dependencies]
pyreadline = {version = "*", markers = "sys_platform == \"win32\""}

[[package]]
name = "importlib-metadata"
version = "3.10.0"
description = "Read metadata from Python packages"
optional = false
python-versions = ">=3.6"
files = [
    {file = "importlib_metadata-3.10.0-py3-none-any.whl", hash = "sha256:d2d46ef77ffc85cbf7dac7e81dd663fde71c45326131bea8033b9bad42268ebe"},
    {file = "importlib_metadata-3.10.0.tar.gz", hash = "sha256:c9db46394197244adf2f0b08ec5bc3cf16757e9590b02af1fca085c16c0d600a"},
]

[package.dependencies]
typing-extensions = {version = ">=3.6.4", markers = "python_version < \"3.8\""}
zipp = ">=0.5"

[package.extras]
docs = ["jaraco.packaging (>=8.2)", "rst.linker (>=1.9)", "sphinx"]
testing = ["flufl.flake8", "importlib-resources (>=1.3)", "packaging", "pep517", "pyfakefs", "pytest (>=4.6)", "pytest-black (>=0.3.7)", "pytest-checkdocs (>=2.4)", "pytest-cov", "pytest-enabler (>=1.0.1)", "pytest-flake8", "pytest-mypy"]

[[package]]
name = "mccabe"
version = "0.6.1"
description = "McCabe checker, plugin for flake8"
optional = false
python-versions = "*"
files = [
    {file = "mccabe-0.6.1-py2.py3-none-any.whl", hash = "sha256:ab8a6258860da4b6677da4bd2fe5dc2c659cff31b3ee4f7f5d64e79735b80d42"},
    {file = "mccabe-0.6.1.tar.gz", hash = "sha256:dd8d182285a0fe56bace7f45b5e7d1a6ebcbf524e8f3bd87eb0f125271b8831f"},
]

[[package]]
name = "pycodestyle"
version = "2.7.0"
description = "Python style guide checker"
optional = false
python-versions = ">=2.7, !=3.0.*, !=3.1.*, !=3.2.*, !=3.3.*"
files = [
    {file = "pycodestyle-2.7.0-py2.py3-none-any.whl", hash = "sha256:514f76d918fcc0b55c6680472f0a37970994e07bbb80725808c17089be302068"},
    {file = "pycodestyle-2.7.0.tar.gz", hash = "sha256:c389c1d06bf7904078ca03399a4816f974a1d590090fecea0c63ec26ebaf1cef"},
]

[[package]]
name = "pyflakes"
version = "2.3.1"
description = "passive checker of Python programs"
optional = false
python-versions = ">=2.7, !=3.0.*, !=3.1.*, !=3.2.*, !=3.3.*"
files = [
    {file = "pyflakes-2.3.1-py2.py3-none-any.whl", hash = "sha256:7893783d01b8a89811dd72d7dfd4d84ff098e5eed95cfa8905b22bbffe52efc3"},
    {file = "pyflakes-2.3.1.tar.gz", hash = "sha256:f5bc8ecabc05bb9d291eb5203d6810b49040f6ff446a756326104746cc00c1db"},
]

[[package]]
name = "pyreadline"
version = "2.1"
description = "A python implmementation of GNU readline."
optional = false
python-versions = "*"
files = [
    {file = "pyreadline-2.1.zip", hash = "sha256:4530592fc2e85b25b1a9f79664433da09237c1a270e4d78ea5aa3a2c7229e2d1"},
]

[[package]]
name = "rope"
version = "0.14.0"
description = "a python refactoring library..."
optional = false
python-versions = "*"
files = [
    {file = "rope-0.14.0-py2-none-any.whl", hash = "sha256:6b728fdc3e98a83446c27a91fc5d56808a004f8beab7a31ab1d7224cecc7d969"},
    {file = "rope-0.14.0-py3-none-any.whl", hash = "sha256:f0dcf719b63200d492b85535ebe5ea9b29e0d0b8aebeb87fe03fc1a65924fdaf"},
    {file = "rope-0.14.0.tar.gz", hash = "sha256:c5c5a6a87f7b1a2095fb311135e2a3d1f194f5ecb96900fdd0a9100881f48aaf"},
]

[[package]]
name = "sqlcipher3-binary"
version = "0.5.1"
description = "DB-API 2.0 interface for SQLCipher 3.x"
optional = false
python-versions = "*"
files = [
    {file = "sqlcipher3_binary-0.5.1-cp310-cp310-manylinux_2_24_x86_64.whl", hash = "sha256:1ae65d2b907f8bcb60e761cad1f8fc70e9f4c435665c399960421ded4c06e289"},
    {file = "sqlcipher3_binary-0.5.1-cp311-cp311-manylinux_2_24_x86_64.whl", hash = "sha256:f7a12de52c715428b22926de8680857e577c28dca87701273a6d25c1642d99bf"},
    {file = "sqlcipher3_binary-0.5.1-cp36-cp36m-manylinux_2_24_x86_64.whl", hash = "sha256:cc7977566c30f9691e8252036fc793e3360ef293c43fbfc6821caadf35ea0a29"},
    {file = "sqlcipher3_binary-0.5.1-cp37-cp37m-manylinux_2_24_x86_64.whl", hash = "sha256:961e40438e3b178ae5c9e02506e078a75499b4b9292374383da81c6b78fd197f"},
    {file = "sqlcipher3_binary-0.5.1-cp38-cp38-manylinux_2_24_x86_64.whl", hash = "sha256:75a936095734a98df58a0154de01378f0637e15f82f8e96f92e2cc3d97da1106"},
    {file = "sqlcipher3_binary-0.5.1-cp39-cp39-manylinux_2_24_x86_64.whl", hash = "sha256:9ca9119241ca78c521f884ffb48f9b00e5afa24ac8ef8b66c335195f4200caca"},
]

[[package]]
name = "typing-extensions"
version = "3.7.4.3"
description = "Backported and Experimental Type Hints for Python 3.5+"
optional = false
python-versions = "*"
files = [
    {file = "typing_extensions-3.7.4.3-py2-none-any.whl", hash = "sha256:dafc7639cde7f1b6e1acc0f457842a83e722ccca8eef5270af2d74792619a89f"},
    {file = "typing_extensions-3.7.4.3-py3-none-any.whl", hash = "sha256:7cb407020f00f7bfc3cb3e7881628838e69d8f3fcab2f64742a5e76b2f841918"},
    {file = "typing_extensions-3.7.4.3.tar.gz", hash = "sha256:99d4073b617d30288f569d3f13d2bd7548c3a7e4c8de87db09a9d29bb3a4a60c"},
]

[[package]]
name = "zipp"
version = "3.4.1"
description = "Backport of pathlib-compatible object wrapper for zip files"
optional = false
python-versions = ">=3.6"
files = [
    {file = "zipp-3.4.1-py3-none-any.whl", hash = "sha256:51cb66cc54621609dd593d1787f286ee42a5c0adbb4b29abea5a63edc3e03098"},
    {file = "zipp-3.4.1.tar.gz", hash = "sha256:3607921face881ba3e026887d8150cca609d517579abe052ac81fc5aeffdbd76"},
]

[package.extras]
docs = ["jaraco.packaging (>=8.2)", "rst.linker (>=1.9)", "sphinx"]
testing = ["func-timeout", "jaraco.itertools", "pytest (>=4.6)", "pytest-black (>=0.3.7)", "pytest-checkdocs (>=1.2.3)", "pytest-cov", "pytest-enabler", "pytest-flake8", "pytest-mypy"]

[metadata]
lock-version = "2.0"
python-versions = "^3.6"
content-hash = "5a99e4f6d0a97e78f2e2c520e22dab7b95ef004fef6fe89a6c682ecfe0e3f626"
