# This file is automatically @generated by Poetry 2.1.1 and should not be changed by hand.

[[package]]
name = "about-time"
version = "4.2.1"
description = "Easily measure timing and throughput of code blocks, with beautiful human friendly representations."
optional = false
python-versions = ">=3.7, <4"
groups = ["main"]
files = [
    {file = "about-time-4.2.1.tar.gz", hash = "sha256:6a538862d33ce67d997429d14998310e1dbfda6cb7d9bbfbf799c4709847fece"},
    {file = "about_time-4.2.1-py3-none-any.whl", hash = "sha256:8bbf4c75fe13cbd3d72f49a03b02c5c7dca32169b6d49117c257e7eb3eaee341"},
]

[[package]]
name = "alive-progress"
version = "3.2.0"
description = "A new kind of Progress Bar, with real-time throughput, ETA, and very cool animations!"
optional = false
python-versions = "<4,>=3.9"
groups = ["main"]
files = [
    {file = "alive-progress-3.2.0.tar.gz", hash = "sha256:ede29d046ff454fe56b941f686f89dd9389430c4a5b7658e445cb0b80e0e4deb"},
    {file = "alive_progress-3.2.0-py3-none-any.whl", hash = "sha256:0677929f8d3202572e9d142f08170b34dbbe256cc6d2afbf75ef187c7da964a8"},
]

[package.dependencies]
about-time = "4.2.1"
grapheme = "0.6.0"

[[package]]
name = "coloredlogs"
version = "15.0.1"
description = "Colored terminal output for Python's logging module"
optional = false
python-versions = ">=2.7, !=3.0.*, !=3.1.*, !=3.2.*, !=3.3.*, !=3.4.*"
groups = ["main"]
files = [
    {file = "coloredlogs-15.0.1-py2.py3-none-any.whl", hash = "sha256:612ee75c546f53e92e70049c9dbfcc18c935a2b9a53b66085ce9ef6a6e5c0934"},
    {file = "coloredlogs-15.0.1.tar.gz", hash = "sha256:7c991aa71a4577af2f82600d8f8f3a89f936baeaf9b50a9c197da014e5bf16b0"},
]

[package.dependencies]
humanfriendly = ">=9.1"

[package.extras]
cron = ["capturer (>=2.4)"]

[[package]]
name = "grapheme"
version = "0.6.0"
description = "Unicode grapheme helpers"
optional = false
python-versions = "*"
groups = ["main"]
files = [
    {file = "grapheme-0.6.0.tar.gz", hash = "sha256:44c2b9f21bbe77cfb05835fec230bd435954275267fea1858013b102f8603cca"},
]

[package.extras]
test = ["pytest", "sphinx", "sphinx-autobuild", "twine", "wheel"]

[[package]]
name = "humanfriendly"
version = "10.0"
description = "Human friendly output for text interfaces using Python"
optional = false
python-versions = ">=2.7, !=3.0.*, !=3.1.*, !=3.2.*, !=3.3.*, !=3.4.*"
groups = ["main"]
files = [
    {file = "humanfriendly-10.0-py2.py3-none-any.whl", hash = "sha256:1697e1a8a8f550fd43c2865cd84542fc175a61dcb779b6fee18cf6b6ccba1477"},
    {file = "humanfriendly-10.0.tar.gz", hash = "sha256:6b0b831ce8f15f7300721aa49829fc4e83921a9a301cc7f606be6686a2288ddc"},
]

[package.dependencies]
pyreadline3 = {version = "*", markers = "sys_platform == \"win32\" and python_version >= \"3.8\""}

[[package]]
name = "pyreadline3"
version = "3.5.4"
description = "A python implementation of GNU readline."
optional = false
python-versions = ">=3.8"
groups = ["main"]
markers = "sys_platform == \"win32\""
files = [
    {file = "pyreadline3-3.5.4-py3-none-any.whl", hash = "sha256:eaf8e6cc3c49bcccf145fc6067ba8643d1df34d604a1ec0eccbf7a18e6d3fae6"},
    {file = "pyreadline3-3.5.4.tar.gz", hash = "sha256:8d57d53039a1c75adba8e50dd3d992b28143480816187ea5efbd5c78e6c885b7"},
]

[package.extras]
dev = ["build", "flake8", "mypy", "pytest", "twine"]

[[package]]
name = "sqlcipher3-binary"
version = "0.5.4"
description = "DB-API 2.0 interface for SQLCipher 3.x"
optional = false
python-versions = "*"
groups = ["main"]
files = [
    {file = "sqlcipher3_binary-0.5.4-cp310-cp310-manylinux_2_17_x86_64.manylinux2014_x86_64.whl", hash = "sha256:e0264a85f54537647e737be3c1250ab202cc3b260bd3b4256cf301f3a0c0f570"},
    {file = "sqlcipher3_binary-0.5.4-cp311-cp311-manylinux_2_17_x86_64.manylinux2014_x86_64.whl", hash = "sha256:be70bcf780abda9df53facc45c7cdc45d64e20b4869eebdf2e5e3ee636f5ec0f"},
    {file = "sqlcipher3_binary-0.5.4-cp312-cp312-manylinux_2_17_x86_64.manylinux2014_x86_64.whl", hash = "sha256:fe9e4303725dd98d60af26de0a6d5105a20b32e37a43fc3d18cbaaba6dbb22e5"},
    {file = "sqlcipher3_binary-0.5.4-cp313-cp313-manylinux_2_17_x86_64.manylinux2014_x86_64.whl", hash = "sha256:82c8f208f153b1a5e7b47165d8a462526294b7330fae77b7747b25361eeeca53"},
    {file = "sqlcipher3_binary-0.5.4-cp36-cp36m-manylinux_2_17_x86_64.manylinux2014_x86_64.whl", hash = "sha256:eb74dd533c59662f0b4d79c75f593d02688343d927ef4a45706d3debf5b3f05c"},
    {file = "sqlcipher3_binary-0.5.4-cp37-cp37m-manylinux_2_17_x86_64.manylinux2014_x86_64.whl", hash = "sha256:5ce2a4ce0036db4a6f567ba3141e5f16eab681bc6593ad1f58c7c1679134aa0f"},
    {file = "sqlcipher3_binary-0.5.4-cp38-cp38-manylinux_2_17_x86_64.manylinux2014_x86_64.whl", hash = "sha256:947594dd8047f5d7f1f39738526a08ea2a76c270df9207e229a80580b547a30a"},
    {file = "sqlcipher3_binary-0.5.4-cp39-cp39-manylinux_2_17_x86_64.manylinux2014_x86_64.whl", hash = "sha256:f25524d5098fdd57fea74cf14de4ced498f50a2703c224187e3042462d4541f8"},
]

[metadata]
lock-version = "2.1"
python-versions = ">=3.11,<4"
content-hash = "02c78735b6e5836bbac5a7f91c4a7852a3616a885abb8edec91dfb30b4143367"
